
Microsoft Visual Studio Solution File, Format Version 12.00
# Visual Studio 15
VisualStudioVersion = 15.0.26730.8
MinimumVisualStudioVersion = 10.0.40219.1
Project("{FAE04EC0-301F-11D3-BF4B-00C04F79EFBC}") = "TrabalhoORM", "TrabalhoORM\TrabalhoORM.csproj", "{556BE990-E6B2-49D9-BB92-2D619276426B}"
EndProject
Global
	GlobalSection(SolutionConfigurationPlatforms) = preSolution
		Debug|Any CPU = Debug|Any CPU
		Release|Any CPU = Release|Any CPU
	EndGlobalSection
	GlobalSection(ProjectConfigurationPlatforms) = postSolution
		{556BE990-E6B2-49D9-BB92-2D619276426B}.Debug|Any CPU.ActiveCfg = Debug|Any CPU
		{556BE990-E6B2-49D9-BB92-2D619276426B}.Debug|Any CPU.Build.0 = Debug|Any CPU
		{556BE990-E6B2-49D9-BB92-2D619276426B}.Release|Any CPU.ActiveCfg = Release|Any CPU
		{556BE990-E6B2-49D9-BB92-2D619276426B}.Release|Any CPU.Build.0 = Release|Any CPU
	EndGlobalSection
	GlobalSection(SolutionProperties) = preSolution
		HideSolutionNode = FALSE
	EndGlobalSection
	GlobalSection(ExtensibilityGlobals) = postSolution
		SolutionGuid = {5B3440E9-F9B3-4548-BFE6-688C71202B0C}
	EndGlobalSection
EndGlobal
